// !$*UTF8*$!
{
	archiveVersion = 1;
	classes = {
	};
	objectVersion = 50;
	objects = {

/* Begin PBXBuildFile section */
		7C05411F2184E03D005B0503 /* FlexibleLayoutView.swift in Sources */ = {isa = PBXBuildFile; fileRef = 7C05411E2184E03D005B0503 /* FlexibleLayoutView.swift */; };
		7C0541222184E075005B0503 /* GamePlayView.swift in Sources */ = {isa = PBXBuildFile; fileRef = 7C0541212184E075005B0503 /* GamePlayView.swift */; };
		7C245CD6217D3EFE00670CC1 /* UIButton+QuickSet.swift in Sources */ = {isa = PBXBuildFile; fileRef = 7C245CD5217D3EFE00670CC1 /* UIButton+QuickSet.swift */; };
		7C245CD8217D44F600670CC1 /* AnimatingLabelPresenter.swift in Sources */ = {isa = PBXBuildFile; fileRef = 7C245CD7217D44F600670CC1 /* AnimatingLabelPresenter.swift */; };
		7C245D2E217EC0EE00670CC1 /* CaretView.swift in Sources */ = {isa = PBXBuildFile; fileRef = 7C245D2D217EC0EE00670CC1 /* CaretView.swift */; };
		7C334AF6216454D500AC0CF9 /* WelcomeScreenViewController.swift in Sources */ = {isa = PBXBuildFile; fileRef = 7C334AF5216454D500AC0CF9 /* WelcomeScreenViewController.swift */; };
		7C334AF8216454EA00AC0CF9 /* WelcomeScreen.swift in Sources */ = {isa = PBXBuildFile; fileRef = 7C334AF7216454EA00AC0CF9 /* WelcomeScreen.swift */; };
		7C334AFA2164561200AC0CF9 /* CrossSumRouter.swift in Sources */ = {isa = PBXBuildFile; fileRef = 7C334AF92164561200AC0CF9 /* CrossSumRouter.swift */; };
		7C334AFE2165B1C500AC0CF9 /* UIView+AnimationConvenience.swift in Sources */ = {isa = PBXBuildFile; fileRef = 7C334AFD2165B1C500AC0CF9 /* UIView+AnimationConvenience.swift */; };
		7C334B202168223E00AC0CF9 /* TimeRemainingView.swift in Sources */ = {isa = PBXBuildFile; fileRef = 7C334B1F2168223E00AC0CF9 /* TimeRemainingView.swift */; };
		7C334B2221682CD000AC0CF9 /* TimeKeeper.swift in Sources */ = {isa = PBXBuildFile; fileRef = 7C334B2121682CD000AC0CF9 /* TimeKeeper.swift */; };
		7C3C3F22215995EE00BD026A /* AppDelegate.swift in Sources */ = {isa = PBXBuildFile; fileRef = 7C3C3F21215995EE00BD026A /* AppDelegate.swift */; };
		7C3C3F29215995F000BD026A /* Assets.xcassets in Resources */ = {isa = PBXBuildFile; fileRef = 7C3C3F28215995F000BD026A /* Assets.xcassets */; };
		7C3C3F2C215995F000BD026A /* LaunchScreen.storyboard in Resources */ = {isa = PBXBuildFile; fileRef = 7C3C3F2A215995F000BD026A /* LaunchScreen.storyboard */; };
		7C3C3F42215995F000BD026A /* CrossSumUITests.swift in Sources */ = {isa = PBXBuildFile; fileRef = 7C3C3F41215995F000BD026A /* CrossSumUITests.swift */; };
		7C3C3F512159961400BD026A /* CenteredLabel.swift in Sources */ = {isa = PBXBuildFile; fileRef = 7C3C3F4F2159961400BD026A /* CenteredLabel.swift */; };
		7C3C3F522159961400BD026A /* UIView+AutolayoutConvenience.swift in Sources */ = {isa = PBXBuildFile; fileRef = 7C3C3F502159961400BD026A /* UIView+AutolayoutConvenience.swift */; };
		7C3C3F542159961B00BD026A /* CenteredLabelTests.swift in Sources */ = {isa = PBXBuildFile; fileRef = 7C3C3F532159961B00BD026A /* CenteredLabelTests.swift */; };
		7C3C3F562159974600BD026A /* Presenters.swift in Sources */ = {isa = PBXBuildFile; fileRef = 7C3C3F552159974600BD026A /* Presenters.swift */; };
		7C3C3F5A2159A06100BD026A /* RationalLabelTests.swift in Sources */ = {isa = PBXBuildFile; fileRef = 7C3C3F592159A06100BD026A /* RationalLabelTests.swift */; };
		7C3C3F6A2159C45500BD026A /* RationalTests.swift in Sources */ = {isa = PBXBuildFile; fileRef = 7C3C3F692159C45500BD026A /* RationalTests.swift */; };
		7C3C3F6C2159C4E800BD026A /* Rational.swift in Sources */ = {isa = PBXBuildFile; fileRef = 7C3C3F6B2159C4E800BD026A /* Rational.swift */; };
		7C4136DE216EE22600B92278 /* UIViewController+Debugging.swift in Sources */ = {isa = PBXBuildFile; fileRef = 7C4136DD216EE22600B92278 /* UIViewController+Debugging.swift */; };
		7C4136E0216EEB9800B92278 /* ExpressionSelector.swift in Sources */ = {isa = PBXBuildFile; fileRef = 7C4136DF216EEB9800B92278 /* ExpressionSelector.swift */; };
		7C4136E2216EEBB400B92278 /* ExpressionSymbolPresenter.swift in Sources */ = {isa = PBXBuildFile; fileRef = 7C4136E1216EEBB400B92278 /* ExpressionSymbolPresenter.swift */; };
		7C573FDA21699119007C7DF3 /* EventDisplayLabel.swift in Sources */ = {isa = PBXBuildFile; fileRef = 7C573FD921699119007C7DF3 /* EventDisplayLabel.swift */; };
		7C573FE4216A81DC007C7DF3 /* TableDataSource.swift in Sources */ = {isa = PBXBuildFile; fileRef = 7C573FE3216A81DC007C7DF3 /* TableDataSource.swift */; };
		7C573FE6216A895C007C7DF3 /* UserDefaults+Properties.swift in Sources */ = {isa = PBXBuildFile; fileRef = 7C573FE5216A895C007C7DF3 /* UserDefaults+Properties.swift */; };
		7C573FE8216A8C81007C7DF3 /* HighScore.swift in Sources */ = {isa = PBXBuildFile; fileRef = 7C573FE7216A8C81007C7DF3 /* HighScore.swift */; };
		7C6C5FE521A1E59E004D5B18 /* UIViewController+Alerts.swift in Sources */ = {isa = PBXBuildFile; fileRef = 7C6C5FE421A1E59E004D5B18 /* UIViewController+Alerts.swift */; };
		7C7A529F217BADA80035A959 /* GameViewController.swift in Sources */ = {isa = PBXBuildFile; fileRef = 7C7A529E217BADA80035A959 /* GameViewController.swift */; };
		7C7A52A6217CA9DF0035A959 /* Hermit-bold.otf in Resources */ = {isa = PBXBuildFile; fileRef = 7C7A52A4217CA9CB0035A959 /* Hermit-bold.otf */; };
		7C7A52A7217CA9DF0035A959 /* Hermit-light.otf in Resources */ = {isa = PBXBuildFile; fileRef = 7C7A52A3217CA9CB0035A959 /* Hermit-light.otf */; };
		7C7A52A8217CA9DF0035A959 /* Hermit-medium.otf in Resources */ = {isa = PBXBuildFile; fileRef = 7C7A52A5217CA9CB0035A959 /* Hermit-medium.otf */; };
		7C7A52AA217CAF510035A959 /* UIFont+Reporting.swift in Sources */ = {isa = PBXBuildFile; fileRef = 7C7A52A9217CAF510035A959 /* UIFont+Reporting.swift */; };
		7C7A52AC217CB2F70035A959 /* UIFont+Custom.swift in Sources */ = {isa = PBXBuildFile; fileRef = 7C7A52AB217CB2F70035A959 /* UIFont+Custom.swift */; };
		7C7A52B1217CB4EC0035A959 /* UbuntuMono-B.ttf in Resources */ = {isa = PBXBuildFile; fileRef = 7C7A52AD217CB4EB0035A959 /* UbuntuMono-B.ttf */; };
		7C7A52B4217CB4EC0035A959 /* UbuntuMono-R.ttf in Resources */ = {isa = PBXBuildFile; fileRef = 7C7A52B0217CB4EB0035A959 /* UbuntuMono-R.ttf */; };
		7C7A52B7217CB7160035A959 /* BPmono.ttf in Resources */ = {isa = PBXBuildFile; fileRef = 7C7A52B5217CB7160035A959 /* BPmono.ttf */; };
		7C7A52B8217CB7160035A959 /* BPmonoBold.ttf in Resources */ = {isa = PBXBuildFile; fileRef = 7C7A52B6217CB7160035A959 /* BPmonoBold.ttf */; };
		7C84DA55215B0B3900D3B36F /* StatementLabelTests.swift in Sources */ = {isa = PBXBuildFile; fileRef = 7C84DA54215B0B3900D3B36F /* StatementLabelTests.swift */; };
		7C84DA57215B0C6800D3B36F /* StatementLabel.swift in Sources */ = {isa = PBXBuildFile; fileRef = 7C84DA56215B0C6800D3B36F /* StatementLabel.swift */; };
		7C84DA73215B210700D3B36F /* Parser<Double>.swift in Sources */ = {isa = PBXBuildFile; fileRef = 7C84DA6E215B210700D3B36F /* Parser<Double>.swift */; };
		7C84DA74215B210700D3B36F /* Parser<Int>.swift in Sources */ = {isa = PBXBuildFile; fileRef = 7C84DA6F215B210700D3B36F /* Parser<Int>.swift */; };
		7C84DA75215B210700D3B36F /* Op.swift in Sources */ = {isa = PBXBuildFile; fileRef = 7C84DA70215B210700D3B36F /* Op.swift */; };
		7C84DA76215B210700D3B36F /* Parser.swift in Sources */ = {isa = PBXBuildFile; fileRef = 7C84DA71215B210700D3B36F /* Parser.swift */; };
		7C84DA77215B210700D3B36F /* Parser<Character>.swift in Sources */ = {isa = PBXBuildFile; fileRef = 7C84DA72215B210700D3B36F /* Parser<Character>.swift */; };
		7C84DA7B215B211600D3B36F /* ParserTests.swift in Sources */ = {isa = PBXBuildFile; fileRef = 7C84DA78215B211600D3B36F /* ParserTests.swift */; };
		7C84DA7C215B211600D3B36F /* DoubleParserTests.swift in Sources */ = {isa = PBXBuildFile; fileRef = 7C84DA79215B211600D3B36F /* DoubleParserTests.swift */; };
		7C84DA7D215B211600D3B36F /* IntParserTests.swift in Sources */ = {isa = PBXBuildFile; fileRef = 7C84DA7A215B211600D3B36F /* IntParserTests.swift */; };
		7C84DA80215B217E00D3B36F /* RationalParser.swift in Sources */ = {isa = PBXBuildFile; fileRef = 7C84DA7F215B217E00D3B36F /* RationalParser.swift */; };
		7C84DA82215B226000D3B36F /* RationalParserTests.swift in Sources */ = {isa = PBXBuildFile; fileRef = 7C84DA81215B226000D3B36F /* RationalParserTests.swift */; };
		7C84DA84215B240800D3B36F /* Statement.swift in Sources */ = {isa = PBXBuildFile; fileRef = 7C84DA83215B240800D3B36F /* Statement.swift */; };
		7C8BD3C021605A60002BC785 /* StatementTests.swift in Sources */ = {isa = PBXBuildFile; fileRef = 7C8BD3BF21605A60002BC785 /* StatementTests.swift */; };
		7C8BD3C22160FAB8002BC785 /* UIView+AutolayoutSetup.swift in Sources */ = {isa = PBXBuildFile; fileRef = 7C8BD3C12160FAB8002BC785 /* UIView+AutolayoutSetup.swift */; };
		7C8BD3C42160FC49002BC785 /* Tests.storyboard in Resources */ = {isa = PBXBuildFile; fileRef = 7C8BD3C32160FC49002BC785 /* Tests.storyboard */; };
		7C8BD3C62160FCA4002BC785 /* CenteredLabelTestsViewController.swift in Sources */ = {isa = PBXBuildFile; fileRef = 7C8BD3C52160FCA4002BC785 /* CenteredLabelTestsViewController.swift */; };
		7C8BD3C921610D1C002BC785 /* InterceptUnsatisfiableConstraints.m in Sources */ = {isa = PBXBuildFile; fileRef = 7C8BD3C821610D1C002BC785 /* InterceptUnsatisfiableConstraints.m */; };
		7C8BD3CC21613900002BC785 /* UIFont+CoreTextConvenience.swift in Sources */ = {isa = PBXBuildFile; fileRef = 7C8BD3CB21613900002BC785 /* UIFont+CoreTextConvenience.swift */; };
		7C8BD3D121614789002BC785 /* ExpressionChooserView.swift in Sources */ = {isa = PBXBuildFile; fileRef = 7C8BD3D021614789002BC785 /* ExpressionChooserView.swift */; };
		7C8BD3D521614806002BC785 /* CGPoint+Geomtery.swift in Sources */ = {isa = PBXBuildFile; fileRef = 7C8BD3D421614806002BC785 /* CGPoint+Geomtery.swift */; };
		7C8BD3D72161481E002BC785 /* CGPoint+LinearAlgebra.swift in Sources */ = {isa = PBXBuildFile; fileRef = 7C8BD3D62161481E002BC785 /* CGPoint+LinearAlgebra.swift */; };
		7C8BD3D921614833002BC785 /* CGVector+LinearAlgebra.swift in Sources */ = {isa = PBXBuildFile; fileRef = 7C8BD3D821614833002BC785 /* CGVector+LinearAlgebra.swift */; };
		7C8BD3DB21614857002BC785 /* Collection+SpecialIteration.swift in Sources */ = {isa = PBXBuildFile; fileRef = 7C8BD3DA21614857002BC785 /* Collection+SpecialIteration.swift */; };
		7C8BD3DD21615BCD002BC785 /* RationalLabel.swift in Sources */ = {isa = PBXBuildFile; fileRef = 7C8BD3DC21615BCD002BC785 /* RationalLabel.swift */; };
		7C8BD3DF2161ABAD002BC785 /* Grid.swift in Sources */ = {isa = PBXBuildFile; fileRef = 7C8BD3DE2161ABAC002BC785 /* Grid.swift */; };
		7C8BD3E12161C363002BC785 /* Round.swift in Sources */ = {isa = PBXBuildFile; fileRef = 7C8BD3E02161C363002BC785 /* Round.swift */; };
		7C8BD3E42162E10C002BC785 /* ThreadSafe.swift in Sources */ = {isa = PBXBuildFile; fileRef = 7C8BD3E32162E10C002BC785 /* ThreadSafe.swift */; };
		7C8BD3E62162F230002BC785 /* GridFactory.swift in Sources */ = {isa = PBXBuildFile; fileRef = 7C8BD3E52162F230002BC785 /* GridFactory.swift */; };
		7C8BD3E82162F8D9002BC785 /* GameReadyGridFactory.swift in Sources */ = {isa = PBXBuildFile; fileRef = 7C8BD3E72162F8D9002BC785 /* GameReadyGridFactory.swift */; };
		7CCB79522172CDEA002081F1 /* UILabel+TextPresenter.swift in Sources */ = {isa = PBXBuildFile; fileRef = 7CCB79512172CDEA002081F1 /* UILabel+TextPresenter.swift */; };
		7CCB795921731F30002081F1 /* Background.swift in Sources */ = {isa = PBXBuildFile; fileRef = 7CCB795821731F30002081F1 /* Background.swift */; };
		7CCB796521738E48002081F1 /* TallyView.swift in Sources */ = {isa = PBXBuildFile; fileRef = 7CCB796421738E48002081F1 /* TallyView.swift */; };
		7CCB79BF2173C130002081F1 /* SquareTilesProgressView.swift in Sources */ = {isa = PBXBuildFile; fileRef = 7CCB79BE2173C130002081F1 /* SquareTilesProgressView.swift */; };
		7CCB7A56217583D6002081F1 /* GridTests.swift in Sources */ = {isa = PBXBuildFile; fileRef = 7CCB7A55217583D6002081F1 /* GridTests.swift */; };
		7CCB7A58217687D1002081F1 /* GameRelatedPresenters.swift in Sources */ = {isa = PBXBuildFile; fileRef = 7CCB7A57217687D1002081F1 /* GameRelatedPresenters.swift */; };
		7CCB7A5B21768B6F002081F1 /* UIView+HidingPresenter.swift in Sources */ = {isa = PBXBuildFile; fileRef = 7CCB7A5A21768B6F002081F1 /* UIView+HidingPresenter.swift */; };
		7CCB7A5F21768D5F002081F1 /* TallyView+IntegerPresenter.swift in Sources */ = {isa = PBXBuildFile; fileRef = 7CCB7A5E21768D5F002081F1 /* TallyView+IntegerPresenter.swift */; };
		7CCB7A6121768DA7002081F1 /* SquareTilesProgressView+DiscreteProgressPresenter.swift in Sources */ = {isa = PBXBuildFile; fileRef = 7CCB7A6021768DA7002081F1 /* SquareTilesProgressView+DiscreteProgressPresenter.swift */; };
		7CCB7A6321768E0D002081F1 /* EventDisplayLabel+ScoreAddPresenter.swift in Sources */ = {isa = PBXBuildFile; fileRef = 7CCB7A6221768E0D002081F1 /* EventDisplayLabel+ScoreAddPresenter.swift */; };
		7CCB7A6521768E47002081F1 /* StatementLabel+OptionalStatementPresenter.swift in Sources */ = {isa = PBXBuildFile; fileRef = 7CCB7A6421768E47002081F1 /* StatementLabel+OptionalStatementPresenter.swift */; };
		7CCB7A6721768E67002081F1 /* TimeRemainingView+TimeRemainingPresenter.swift in Sources */ = {isa = PBXBuildFile; fileRef = 7CCB7A6621768E67002081F1 /* TimeRemainingView+TimeRemainingPresenter.swift */; };
		7CCB7A692177F600002081F1 /* GridSolver.swift in Sources */ = {isa = PBXBuildFile; fileRef = 7CCB7A682177F600002081F1 /* GridSolver.swift */; };
		7CCB7A6B21781B6A002081F1 /* SolvedGrid.swift in Sources */ = {isa = PBXBuildFile; fileRef = 7CCB7A6A21781B6A002081F1 /* SolvedGrid.swift */; };
		7CCB7A6D21782A44002081F1 /* GridSolutions.swift in Sources */ = {isa = PBXBuildFile; fileRef = 7CCB7A6C21782A44002081F1 /* GridSolutions.swift */; };
		7CCD5A1E295352C9004D13D7 /* UIColor+Constants.swift in Sources */ = {isa = PBXBuildFile; fileRef = 7CCD5A1D295352C9004D13D7 /* UIColor+Constants.swift */; };
/* End PBXBuildFile section */

/* Begin PBXContainerItemProxy section */
		7C3C3F33215995F000BD026A /* PBXContainerItemProxy */ = {
			isa = PBXContainerItemProxy;
			containerPortal = 7C3C3F16215995EE00BD026A /* Project object */;
			proxyType = 1;
			remoteGlobalIDString = 7C3C3F1D215995EE00BD026A;
			remoteInfo = CrossSum;
		};
		7C3C3F3E215995F000BD026A /* PBXContainerItemProxy */ = {
			isa = PBXContainerItemProxy;
			containerPortal = 7C3C3F16215995EE00BD026A /* Project object */;
			proxyType = 1;
			remoteGlobalIDString = 7C3C3F1D215995EE00BD026A;
			remoteInfo = CrossSum;
		};
/* End PBXContainerItemProxy section */

/* Begin PBXFileReference section */
		7C05411E2184E03D005B0503 /* FlexibleLayoutView.swift */ = {isa = PBXFileReference; fileEncoding = 4; lastKnownFileType = sourcecode.swift; path = FlexibleLayoutView.swift; sourceTree = "<group>"; };
		7C0541212184E075005B0503 /* GamePlayView.swift */ = {isa = PBXFileReference; lastKnownFileType = sourcecode.swift; path = GamePlayView.swift; sourceTree = "<group>"; };
		7C245CD5217D3EFE00670CC1 /* UIButton+QuickSet.swift */ = {isa = PBXFileReference; lastKnownFileType = sourcecode.swift; path = "UIButton+QuickSet.swift"; sourceTree = "<group>"; };
		7C245CD7217D44F600670CC1 /* AnimatingLabelPresenter.swift */ = {isa = PBXFileReference; lastKnownFileType = sourcecode.swift; path = AnimatingLabelPresenter.swift; sourceTree = "<group>"; };
		7C245D2D217EC0EE00670CC1 /* CaretView.swift */ = {isa = PBXFileReference; fileEncoding = 4; lastKnownFileType = sourcecode.swift; path = CaretView.swift; sourceTree = "<group>"; };
		7C334AF5216454D500AC0CF9 /* WelcomeScreenViewController.swift */ = {isa = PBXFileReference; lastKnownFileType = sourcecode.swift; path = WelcomeScreenViewController.swift; sourceTree = "<group>"; };
		7C334AF7216454EA00AC0CF9 /* WelcomeScreen.swift */ = {isa = PBXFileReference; lastKnownFileType = sourcecode.swift; path = WelcomeScreen.swift; sourceTree = "<group>"; };
		7C334AF92164561200AC0CF9 /* CrossSumRouter.swift */ = {isa = PBXFileReference; lastKnownFileType = sourcecode.swift; path = CrossSumRouter.swift; sourceTree = "<group>"; };
		7C334AFB21645A0B00AC0CF9 /* UIStoryboard+Convenience.swift */ = {isa = PBXFileReference; fileEncoding = 4; lastKnownFileType = sourcecode.swift; path = "UIStoryboard+Convenience.swift"; sourceTree = "<group>"; };
		7C334AFD2165B1C500AC0CF9 /* UIView+AnimationConvenience.swift */ = {isa = PBXFileReference; lastKnownFileType = sourcecode.swift; path = "UIView+AnimationConvenience.swift"; sourceTree = "<group>"; };
		7C334B1F2168223E00AC0CF9 /* TimeRemainingView.swift */ = {isa = PBXFileReference; fileEncoding = 4; lastKnownFileType = sourcecode.swift; path = TimeRemainingView.swift; sourceTree = "<group>"; };
		7C334B2121682CD000AC0CF9 /* TimeKeeper.swift */ = {isa = PBXFileReference; lastKnownFileType = sourcecode.swift; path = TimeKeeper.swift; sourceTree = "<group>"; };
		7C3C3F1E215995EE00BD026A /* CrossSum.app */ = {isa = PBXFileReference; explicitFileType = wrapper.application; includeInIndex = 0; path = CrossSum.app; sourceTree = BUILT_PRODUCTS_DIR; };
		7C3C3F21215995EE00BD026A /* AppDelegate.swift */ = {isa = PBXFileReference; lastKnownFileType = sourcecode.swift; path = AppDelegate.swift; sourceTree = "<group>"; };
		7C3C3F28215995F000BD026A /* Assets.xcassets */ = {isa = PBXFileReference; lastKnownFileType = folder.assetcatalog; path = Assets.xcassets; sourceTree = "<group>"; };
		7C3C3F2B215995F000BD026A /* Base */ = {isa = PBXFileReference; lastKnownFileType = file.storyboard; name = Base; path = Base.lproj/LaunchScreen.storyboard; sourceTree = "<group>"; };
		7C3C3F2D215995F000BD026A /* Info.plist */ = {isa = PBXFileReference; lastKnownFileType = text.plist.xml; path = Info.plist; sourceTree = "<group>"; };
		7C3C3F32215995F000BD026A /* CrossSumTests.xctest */ = {isa = PBXFileReference; explicitFileType = wrapper.cfbundle; includeInIndex = 0; path = CrossSumTests.xctest; sourceTree = BUILT_PRODUCTS_DIR; };
		7C3C3F38215995F000BD026A /* Info.plist */ = {isa = PBXFileReference; lastKnownFileType = text.plist.xml; path = Info.plist; sourceTree = "<group>"; };
		7C3C3F3D215995F000BD026A /* CrossSumUITests.xctest */ = {isa = PBXFileReference; explicitFileType = wrapper.cfbundle; includeInIndex = 0; path = CrossSumUITests.xctest; sourceTree = BUILT_PRODUCTS_DIR; };
		7C3C3F41215995F000BD026A /* CrossSumUITests.swift */ = {isa = PBXFileReference; lastKnownFileType = sourcecode.swift; path = CrossSumUITests.swift; sourceTree = "<group>"; };
		7C3C3F43215995F000BD026A /* Info.plist */ = {isa = PBXFileReference; lastKnownFileType = text.plist.xml; path = Info.plist; sourceTree = "<group>"; };
		7C3C3F4F2159961400BD026A /* CenteredLabel.swift */ = {isa = PBXFileReference; fileEncoding = 4; lastKnownFileType = sourcecode.swift; path = CenteredLabel.swift; sourceTree = "<group>"; };
		7C3C3F502159961400BD026A /* UIView+AutolayoutConvenience.swift */ = {isa = PBXFileReference; fileEncoding = 4; lastKnownFileType = sourcecode.swift; path = "UIView+AutolayoutConvenience.swift"; sourceTree = "<group>"; };
		7C3C3F532159961B00BD026A /* CenteredLabelTests.swift */ = {isa = PBXFileReference; fileEncoding = 4; lastKnownFileType = sourcecode.swift; path = CenteredLabelTests.swift; sourceTree = "<group>"; };
		7C3C3F552159974600BD026A /* Presenters.swift */ = {isa = PBXFileReference; lastKnownFileType = sourcecode.swift; path = Presenters.swift; sourceTree = "<group>"; };
		7C3C3F592159A06100BD026A /* RationalLabelTests.swift */ = {isa = PBXFileReference; lastKnownFileType = sourcecode.swift; path = RationalLabelTests.swift; sourceTree = "<group>"; };
		7C3C3F692159C45500BD026A /* RationalTests.swift */ = {isa = PBXFileReference; fileEncoding = 4; lastKnownFileType = sourcecode.swift; path = RationalTests.swift; sourceTree = "<group>"; };
		7C3C3F6B2159C4E800BD026A /* Rational.swift */ = {isa = PBXFileReference; fileEncoding = 4; lastKnownFileType = sourcecode.swift; path = Rational.swift; sourceTree = "<group>"; };
		7C4136DD216EE22600B92278 /* UIViewController+Debugging.swift */ = {isa = PBXFileReference; lastKnownFileType = sourcecode.swift; path = "UIViewController+Debugging.swift"; sourceTree = "<group>"; };
		7C4136DF216EEB9800B92278 /* ExpressionSelector.swift */ = {isa = PBXFileReference; lastKnownFileType = sourcecode.swift; path = ExpressionSelector.swift; sourceTree = "<group>"; };
		7C4136E1216EEBB400B92278 /* ExpressionSymbolPresenter.swift */ = {isa = PBXFileReference; lastKnownFileType = sourcecode.swift; path = ExpressionSymbolPresenter.swift; sourceTree = "<group>"; };
		7C573FD921699119007C7DF3 /* EventDisplayLabel.swift */ = {isa = PBXFileReference; lastKnownFileType = sourcecode.swift; path = EventDisplayLabel.swift; sourceTree = "<group>"; };
		7C573FE3216A81DC007C7DF3 /* TableDataSource.swift */ = {isa = PBXFileReference; lastKnownFileType = sourcecode.swift; path = TableDataSource.swift; sourceTree = "<group>"; };
		7C573FE5216A895C007C7DF3 /* UserDefaults+Properties.swift */ = {isa = PBXFileReference; lastKnownFileType = sourcecode.swift; path = "UserDefaults+Properties.swift"; sourceTree = "<group>"; };
		7C573FE7216A8C81007C7DF3 /* HighScore.swift */ = {isa = PBXFileReference; lastKnownFileType = sourcecode.swift; path = HighScore.swift; sourceTree = "<group>"; };
		7C6C5FE421A1E59E004D5B18 /* UIViewController+Alerts.swift */ = {isa = PBXFileReference; fileEncoding = 4; lastKnownFileType = sourcecode.swift; path = "UIViewController+Alerts.swift"; sourceTree = "<group>"; };
		7C7A529E217BADA80035A959 /* GameViewController.swift */ = {isa = PBXFileReference; lastKnownFileType = sourcecode.swift; path = GameViewController.swift; sourceTree = "<group>"; };
		7C7A52A3217CA9CB0035A959 /* Hermit-light.otf */ = {isa = PBXFileReference; lastKnownFileType = file; path = "Hermit-light.otf"; sourceTree = "<group>"; };
		7C7A52A4217CA9CB0035A959 /* Hermit-bold.otf */ = {isa = PBXFileReference; lastKnownFileType = file; path = "Hermit-bold.otf"; sourceTree = "<group>"; };
		7C7A52A5217CA9CB0035A959 /* Hermit-medium.otf */ = {isa = PBXFileReference; lastKnownFileType = file; path = "Hermit-medium.otf"; sourceTree = "<group>"; };
		7C7A52A9217CAF510035A959 /* UIFont+Reporting.swift */ = {isa = PBXFileReference; lastKnownFileType = sourcecode.swift; path = "UIFont+Reporting.swift"; sourceTree = "<group>"; };
		7C7A52AB217CB2F70035A959 /* UIFont+Custom.swift */ = {isa = PBXFileReference; lastKnownFileType = sourcecode.swift; path = "UIFont+Custom.swift"; sourceTree = "<group>"; };
		7C7A52AD217CB4EB0035A959 /* UbuntuMono-B.ttf */ = {isa = PBXFileReference; lastKnownFileType = file; path = "UbuntuMono-B.ttf"; sourceTree = "<group>"; };
		7C7A52B0217CB4EB0035A959 /* UbuntuMono-R.ttf */ = {isa = PBXFileReference; lastKnownFileType = file; path = "UbuntuMono-R.ttf"; sourceTree = "<group>"; };
		7C7A52B5217CB7160035A959 /* BPmono.ttf */ = {isa = PBXFileReference; lastKnownFileType = file; path = BPmono.ttf; sourceTree = "<group>"; };
		7C7A52B6217CB7160035A959 /* BPmonoBold.ttf */ = {isa = PBXFileReference; lastKnownFileType = file; path = BPmonoBold.ttf; sourceTree = "<group>"; };
		7C84DA54215B0B3900D3B36F /* StatementLabelTests.swift */ = {isa = PBXFileReference; lastKnownFileType = sourcecode.swift; path = StatementLabelTests.swift; sourceTree = "<group>"; };
		7C84DA56215B0C6800D3B36F /* StatementLabel.swift */ = {isa = PBXFileReference; lastKnownFileType = sourcecode.swift; path = StatementLabel.swift; sourceTree = "<group>"; };
		7C84DA6E215B210700D3B36F /* Parser<Double>.swift */ = {isa = PBXFileReference; fileEncoding = 4; lastKnownFileType = sourcecode.swift; path = "Parser<Double>.swift"; sourceTree = "<group>"; };
		7C84DA6F215B210700D3B36F /* Parser<Int>.swift */ = {isa = PBXFileReference; fileEncoding = 4; lastKnownFileType = sourcecode.swift; path = "Parser<Int>.swift"; sourceTree = "<group>"; };
		7C84DA70215B210700D3B36F /* Op.swift */ = {isa = PBXFileReference; fileEncoding = 4; lastKnownFileType = sourcecode.swift; path = Op.swift; sourceTree = "<group>"; };
		7C84DA71215B210700D3B36F /* Parser.swift */ = {isa = PBXFileReference; fileEncoding = 4; lastKnownFileType = sourcecode.swift; path = Parser.swift; sourceTree = "<group>"; };
		7C84DA72215B210700D3B36F /* Parser<Character>.swift */ = {isa = PBXFileReference; fileEncoding = 4; lastKnownFileType = sourcecode.swift; path = "Parser<Character>.swift"; sourceTree = "<group>"; };
		7C84DA78215B211600D3B36F /* ParserTests.swift */ = {isa = PBXFileReference; fileEncoding = 4; lastKnownFileType = sourcecode.swift; path = ParserTests.swift; sourceTree = "<group>"; };
		7C84DA79215B211600D3B36F /* DoubleParserTests.swift */ = {isa = PBXFileReference; fileEncoding = 4; lastKnownFileType = sourcecode.swift; path = DoubleParserTests.swift; sourceTree = "<group>"; };
		7C84DA7A215B211600D3B36F /* IntParserTests.swift */ = {isa = PBXFileReference; fileEncoding = 4; lastKnownFileType = sourcecode.swift; path = IntParserTests.swift; sourceTree = "<group>"; };
		7C84DA7F215B217E00D3B36F /* RationalParser.swift */ = {isa = PBXFileReference; lastKnownFileType = sourcecode.swift; path = RationalParser.swift; sourceTree = "<group>"; };
		7C84DA81215B226000D3B36F /* RationalParserTests.swift */ = {isa = PBXFileReference; lastKnownFileType = sourcecode.swift; path = RationalParserTests.swift; sourceTree = "<group>"; };
		7C84DA83215B240800D3B36F /* Statement.swift */ = {isa = PBXFileReference; lastKnownFileType = sourcecode.swift; path = Statement.swift; sourceTree = "<group>"; };
		7C8BD3BF21605A60002BC785 /* StatementTests.swift */ = {isa = PBXFileReference; lastKnownFileType = sourcecode.swift; path = StatementTests.swift; sourceTree = "<group>"; };
		7C8BD3C12160FAB8002BC785 /* UIView+AutolayoutSetup.swift */ = {isa = PBXFileReference; lastKnownFileType = sourcecode.swift; path = "UIView+AutolayoutSetup.swift"; sourceTree = "<group>"; };
		7C8BD3C32160FC49002BC785 /* Tests.storyboard */ = {isa = PBXFileReference; lastKnownFileType = file.storyboard; path = Tests.storyboard; sourceTree = "<group>"; };
		7C8BD3C52160FCA4002BC785 /* CenteredLabelTestsViewController.swift */ = {isa = PBXFileReference; lastKnownFileType = sourcecode.swift; path = CenteredLabelTestsViewController.swift; sourceTree = "<group>"; };
		7C8BD3C721610D1C002BC785 /* CrossSumTests-Bridging-Header.h */ = {isa = PBXFileReference; lastKnownFileType = sourcecode.c.h; path = "CrossSumTests-Bridging-Header.h"; sourceTree = "<group>"; };
		7C8BD3C821610D1C002BC785 /* InterceptUnsatisfiableConstraints.m */ = {isa = PBXFileReference; lastKnownFileType = sourcecode.c.objc; path = InterceptUnsatisfiableConstraints.m; sourceTree = "<group>"; };
		7C8BD3CA216122A9002BC785 /* InterceptUnsatisfiableConstraints.h */ = {isa = PBXFileReference; lastKnownFileType = sourcecode.c.h; path = InterceptUnsatisfiableConstraints.h; sourceTree = "<group>"; };
		7C8BD3CB21613900002BC785 /* UIFont+CoreTextConvenience.swift */ = {isa = PBXFileReference; lastKnownFileType = sourcecode.swift; path = "UIFont+CoreTextConvenience.swift"; sourceTree = "<group>"; };
		7C8BD3D021614789002BC785 /* ExpressionChooserView.swift */ = {isa = PBXFileReference; fileEncoding = 4; lastKnownFileType = sourcecode.swift; path = ExpressionChooserView.swift; sourceTree = "<group>"; };
		7C8BD3D421614806002BC785 /* CGPoint+Geomtery.swift */ = {isa = PBXFileReference; fileEncoding = 4; lastKnownFileType = sourcecode.swift; path = "CGPoint+Geomtery.swift"; sourceTree = "<group>"; };
		7C8BD3D62161481E002BC785 /* CGPoint+LinearAlgebra.swift */ = {isa = PBXFileReference; fileEncoding = 4; lastKnownFileType = sourcecode.swift; path = "CGPoint+LinearAlgebra.swift"; sourceTree = "<group>"; };
		7C8BD3D821614833002BC785 /* CGVector+LinearAlgebra.swift */ = {isa = PBXFileReference; fileEncoding = 4; lastKnownFileType = sourcecode.swift; path = "CGVector+LinearAlgebra.swift"; sourceTree = "<group>"; };
		7C8BD3DA21614857002BC785 /* Collection+SpecialIteration.swift */ = {isa = PBXFileReference; fileEncoding = 4; lastKnownFileType = sourcecode.swift; path = "Collection+SpecialIteration.swift"; sourceTree = "<group>"; };
		7C8BD3DC21615BCD002BC785 /* RationalLabel.swift */ = {isa = PBXFileReference; lastKnownFileType = sourcecode.swift; path = RationalLabel.swift; sourceTree = "<group>"; };
		7C8BD3DE2161ABAC002BC785 /* Grid.swift */ = {isa = PBXFileReference; lastKnownFileType = sourcecode.swift; path = Grid.swift; sourceTree = "<group>"; };
		7C8BD3E02161C363002BC785 /* Round.swift */ = {isa = PBXFileReference; lastKnownFileType = sourcecode.swift; path = Round.swift; sourceTree = "<group>"; };
		7C8BD3E32162E10C002BC785 /* ThreadSafe.swift */ = {isa = PBXFileReference; lastKnownFileType = sourcecode.swift; path = ThreadSafe.swift; sourceTree = "<group>"; };
		7C8BD3E52162F230002BC785 /* GridFactory.swift */ = {isa = PBXFileReference; lastKnownFileType = sourcecode.swift; path = GridFactory.swift; sourceTree = "<group>"; };
		7C8BD3E72162F8D9002BC785 /* GameReadyGridFactory.swift */ = {isa = PBXFileReference; lastKnownFileType = sourcecode.swift; path = GameReadyGridFactory.swift; sourceTree = "<group>"; };
		7CCB79512172CDEA002081F1 /* UILabel+TextPresenter.swift */ = {isa = PBXFileReference; lastKnownFileType = sourcecode.swift; path = "UILabel+TextPresenter.swift"; sourceTree = "<group>"; };
		7CCB79532172E6EE002081F1 /* GameViewHintCountPresenter.swift */ = {isa = PBXFileReference; lastKnownFileType = sourcecode.swift; path = GameViewHintCountPresenter.swift; sourceTree = "<group>"; };
		7CCB79552172F07D002081F1 /* GameViewSkipCountPresenter.swift */ = {isa = PBXFileReference; lastKnownFileType = sourcecode.swift; path = GameViewSkipCountPresenter.swift; sourceTree = "<group>"; };
		7CCB795821731F30002081F1 /* Background.swift */ = {isa = PBXFileReference; lastKnownFileType = sourcecode.swift; path = Background.swift; sourceTree = "<group>"; };
		7CCB796421738E48002081F1 /* TallyView.swift */ = {isa = PBXFileReference; fileEncoding = 4; lastKnownFileType = sourcecode.swift; path = TallyView.swift; sourceTree = "<group>"; };
		7CCB79BE2173C130002081F1 /* SquareTilesProgressView.swift */ = {isa = PBXFileReference; fileEncoding = 4; lastKnownFileType = sourcecode.swift; path = SquareTilesProgressView.swift; sourceTree = "<group>"; };
		7CCB7A55217583D6002081F1 /* GridTests.swift */ = {isa = PBXFileReference; lastKnownFileType = sourcecode.swift; path = GridTests.swift; sourceTree = "<group>"; };
		7CCB7A57217687D1002081F1 /* GameRelatedPresenters.swift */ = {isa = PBXFileReference; lastKnownFileType = sourcecode.swift; path = GameRelatedPresenters.swift; sourceTree = "<group>"; };
		7CCB7A5A21768B6F002081F1 /* UIView+HidingPresenter.swift */ = {isa = PBXFileReference; lastKnownFileType = sourcecode.swift; path = "UIView+HidingPresenter.swift"; sourceTree = "<group>"; };
		7CCB7A5E21768D5F002081F1 /* TallyView+IntegerPresenter.swift */ = {isa = PBXFileReference; lastKnownFileType = sourcecode.swift; path = "TallyView+IntegerPresenter.swift"; sourceTree = "<group>"; };
		7CCB7A6021768DA7002081F1 /* SquareTilesProgressView+DiscreteProgressPresenter.swift */ = {isa = PBXFileReference; lastKnownFileType = sourcecode.swift; path = "SquareTilesProgressView+DiscreteProgressPresenter.swift"; sourceTree = "<group>"; };
		7CCB7A6221768E0D002081F1 /* EventDisplayLabel+ScoreAddPresenter.swift */ = {isa = PBXFileReference; lastKnownFileType = sourcecode.swift; path = "EventDisplayLabel+ScoreAddPresenter.swift"; sourceTree = "<group>"; };
		7CCB7A6421768E47002081F1 /* StatementLabel+OptionalStatementPresenter.swift */ = {isa = PBXFileReference; lastKnownFileType = sourcecode.swift; path = "StatementLabel+OptionalStatementPresenter.swift"; sourceTree = "<group>"; };
		7CCB7A6621768E67002081F1 /* TimeRemainingView+TimeRemainingPresenter.swift */ = {isa = PBXFileReference; lastKnownFileType = sourcecode.swift; path = "TimeRemainingView+TimeRemainingPresenter.swift"; sourceTree = "<group>"; };
		7CCB7A682177F600002081F1 /* GridSolver.swift */ = {isa = PBXFileReference; lastKnownFileType = sourcecode.swift; path = GridSolver.swift; sourceTree = "<group>"; };
		7CCB7A6A21781B6A002081F1 /* SolvedGrid.swift */ = {isa = PBXFileReference; lastKnownFileType = sourcecode.swift; path = SolvedGrid.swift; sourceTree = "<group>"; };
		7CCB7A6C21782A44002081F1 /* GridSolutions.swift */ = {isa = PBXFileReference; lastKnownFileType = sourcecode.swift; path = GridSolutions.swift; sourceTree = "<group>"; };
		7CCD5A1D295352C9004D13D7 /* UIColor+Constants.swift */ = {isa = PBXFileReference; lastKnownFileType = sourcecode.swift; path = "UIColor+Constants.swift"; sourceTree = "<group>"; };
		7CCD5A1F29535591004D13D7 /* README.md */ = {isa = PBXFileReference; lastKnownFileType = net.daringfireball.markdown; path = README.md; sourceTree = "<group>"; };
/* End PBXFileReference section */

/* Begin PBXFrameworksBuildPhase section */
		7C3C3F1B215995EE00BD026A /* Frameworks */ = {
			isa = PBXFrameworksBuildPhase;
			buildActionMask = 2147483647;
			files = (
			);
			runOnlyForDeploymentPostprocessing = 0;
		};
		7C3C3F2F215995F000BD026A /* Frameworks */ = {
			isa = PBXFrameworksBuildPhase;
			buildActionMask = 2147483647;
			files = (
			);
			runOnlyForDeploymentPostprocessing = 0;
		};
		7C3C3F3A215995F000BD026A /* Frameworks */ = {
			isa = PBXFrameworksBuildPhase;
			buildActionMask = 2147483647;
			files = (
			);
			runOnlyForDeploymentPostprocessing = 0;
		};
/* End PBXFrameworksBuildPhase section */

/* Begin PBXGroup section */
		7C0541202184E042005B0503 /* Layout Views */ = {
			isa = PBXGroup;
			children = (
				7C05411E2184E03D005B0503 /* FlexibleLayoutView.swift */,
			);
			path = "Layout Views";
			sourceTree = "<group>";
		};
		7C09978229529A3300905C75 /* defunct */ = {
			isa = PBXGroup;
			children = (
				7C334AFB21645A0B00AC0CF9 /* UIStoryboard+Convenience.swift */,
			);
			path = defunct;
			sourceTree = "<group>";
		};
		7C245CD3217D336000670CC1 /* defunct */ = {
			isa = PBXGroup;
			children = (
				7CCB79532172E6EE002081F1 /* GameViewHintCountPresenter.swift */,
				7CCB79552172F07D002081F1 /* GameViewSkipCountPresenter.swift */,
			);
			path = defunct;
			sourceTree = "<group>";
		};
		7C3C3F15215995EE00BD026A = {
			isa = PBXGroup;
			children = (
				7CCD5A1F29535591004D13D7 /* README.md */,
				7C3C3F20215995EE00BD026A /* CrossSum */,
				7C3C3F35215995F000BD026A /* CrossSumTests */,
				7C3C3F40215995F000BD026A /* CrossSumUITests */,
				7C3C3F1F215995EE00BD026A /* Products */,
			);
			sourceTree = "<group>";
		};
		7C3C3F1F215995EE00BD026A /* Products */ = {
			isa = PBXGroup;
			children = (
				7C3C3F1E215995EE00BD026A /* CrossSum.app */,
				7C3C3F32215995F000BD026A /* CrossSumTests.xctest */,
				7C3C3F3D215995F000BD026A /* CrossSumUITests.xctest */,
			);
			name = Products;
			sourceTree = "<group>";
		};
		7C3C3F20215995EE00BD026A /* CrossSum */ = {
			isa = PBXGroup;
			children = (
				7C3C3F21215995EE00BD026A /* AppDelegate.swift */,
				7C334AF92164561200AC0CF9 /* CrossSumRouter.swift */,
				7C3C3F702159C76800BD026A /* Controller */,
				7C3C3F6F2159C76000BD026A /* Model */,
				7C3C3F6E2159C74200BD026A /* View */,
				7C3C3F6D2159C73300BD026A /* Presenter */,
				7C8BD3E22162E0FE002BC785 /* Utility */,
				7C3C3F28215995F000BD026A /* Assets.xcassets */,
				7C7A52A2217CA9B80035A959 /* Fonts */,
				7C3C3F2A215995F000BD026A /* LaunchScreen.storyboard */,
				7C3C3F2D215995F000BD026A /* Info.plist */,
			);
			path = CrossSum;
			sourceTree = "<group>";
		};
		7C3C3F35215995F000BD026A /* CrossSumTests */ = {
			isa = PBXGroup;
			children = (
				7C8BD3CF21614241002BC785 /* Model Layer Tests */,
				7C8BD3CE21614233002BC785 /* Label Tests */,
				7C3C3F38215995F000BD026A /* Info.plist */,
				7C8BD3C32160FC49002BC785 /* Tests.storyboard */,
				7C8BD3C52160FCA4002BC785 /* CenteredLabelTestsViewController.swift */,
				7C8BD3CA216122A9002BC785 /* InterceptUnsatisfiableConstraints.h */,
				7C8BD3C821610D1C002BC785 /* InterceptUnsatisfiableConstraints.m */,
				7C8BD3C721610D1C002BC785 /* CrossSumTests-Bridging-Header.h */,
			);
			path = CrossSumTests;
			sourceTree = "<group>";
		};
		7C3C3F40215995F000BD026A /* CrossSumUITests */ = {
			isa = PBXGroup;
			children = (
				7C3C3F41215995F000BD026A /* CrossSumUITests.swift */,
				7C3C3F43215995F000BD026A /* Info.plist */,
			);
			path = CrossSumUITests;
			sourceTree = "<group>";
		};
		7C3C3F6D2159C73300BD026A /* Presenter */ = {
			isa = PBXGroup;
			children = (
				7C3C3F552159974600BD026A /* Presenters.swift */,
				7CCB7A57217687D1002081F1 /* GameRelatedPresenters.swift */,
				7C4136E1216EEBB400B92278 /* ExpressionSymbolPresenter.swift */,
				7C245CD7217D44F600670CC1 /* AnimatingLabelPresenter.swift */,
				7C245CD3217D336000670CC1 /* defunct */,
				7CCB7A5921768B48002081F1 /* Views that implement Presenter */,
			);
			path = Presenter;
			sourceTree = "<group>";
		};
		7C3C3F6E2159C74200BD026A /* View */ = {
			isa = PBXGroup;
			children = (
				7C334AF7216454EA00AC0CF9 /* WelcomeScreen.swift */,
				7C0541212184E075005B0503 /* GamePlayView.swift */,
				7C0541202184E042005B0503 /* Layout Views */,
				7C573FE0216A77A1007C7DF3 /* Data Views */,
				7CCB795721731F0B002081F1 /* Decorative Views */,
				7C573FDF216A7727007C7DF3 /* Extensions */,
			);
			path = View;
			sourceTree = "<group>";
		};
		7C3C3F6F2159C76000BD026A /* Model */ = {
			isa = PBXGroup;
			children = (
				7C8BD3E02161C363002BC785 /* Round.swift */,
				7C4136DF216EEB9800B92278 /* ExpressionSelector.swift */,
				7C3C3F6B2159C4E800BD026A /* Rational.swift */,
				7C84DA83215B240800D3B36F /* Statement.swift */,
				7C8BD3DE2161ABAC002BC785 /* Grid.swift */,
				7CCB7A6C21782A44002081F1 /* GridSolutions.swift */,
				7CCB7A6A21781B6A002081F1 /* SolvedGrid.swift */,
				7CCB7A682177F600002081F1 /* GridSolver.swift */,
				7C8BD3E52162F230002BC785 /* GridFactory.swift */,
				7C8BD3E72162F8D9002BC785 /* GameReadyGridFactory.swift */,
				7C334B2121682CD000AC0CF9 /* TimeKeeper.swift */,
				7C573FE7216A8C81007C7DF3 /* HighScore.swift */,
				7C573FE5216A895C007C7DF3 /* UserDefaults+Properties.swift */,
				7C84DA6D215B20F800D3B36F /* Parser */,
			);
			path = Model;
			sourceTree = "<group>";
		};
		7C3C3F702159C76800BD026A /* Controller */ = {
			isa = PBXGroup;
			children = (
				7C7A529E217BADA80035A959 /* GameViewController.swift */,
				7C334AF5216454D500AC0CF9 /* WelcomeScreenViewController.swift */,
				7C573FE3216A81DC007C7DF3 /* TableDataSource.swift */,
				7C4136DD216EE22600B92278 /* UIViewController+Debugging.swift */,
				7C6C5FE421A1E59E004D5B18 /* UIViewController+Alerts.swift */,
				7C09978229529A3300905C75 /* defunct */,
			);
			path = Controller;
			sourceTree = "<group>";
		};
		7C573FDF216A7727007C7DF3 /* Extensions */ = {
			isa = PBXGroup;
			children = (
				7C8BD3C12160FAB8002BC785 /* UIView+AutolayoutSetup.swift */,
				7C3C3F502159961400BD026A /* UIView+AutolayoutConvenience.swift */,
				7C8BD3CB21613900002BC785 /* UIFont+CoreTextConvenience.swift */,
				7C334AFD2165B1C500AC0CF9 /* UIView+AnimationConvenience.swift */,
				7C8BD3D421614806002BC785 /* CGPoint+Geomtery.swift */,
				7C8BD3D62161481E002BC785 /* CGPoint+LinearAlgebra.swift */,
				7C8BD3D821614833002BC785 /* CGVector+LinearAlgebra.swift */,
				7C7A52A9217CAF510035A959 /* UIFont+Reporting.swift */,
				7C7A52AB217CB2F70035A959 /* UIFont+Custom.swift */,
				7C245CD5217D3EFE00670CC1 /* UIButton+QuickSet.swift */,
				7CCD5A1D295352C9004D13D7 /* UIColor+Constants.swift */,
			);
			path = Extensions;
			sourceTree = "<group>";
		};
		7C573FE0216A77A1007C7DF3 /* Data Views */ = {
			isa = PBXGroup;
			children = (
				7C8BD3D021614789002BC785 /* ExpressionChooserView.swift */,
				7CCB796421738E48002081F1 /* TallyView.swift */,
				7CCB79BE2173C130002081F1 /* SquareTilesProgressView.swift */,
				7C3C3F4F2159961400BD026A /* CenteredLabel.swift */,
				7C573FD921699119007C7DF3 /* EventDisplayLabel.swift */,
				7C8BD3DC21615BCD002BC785 /* RationalLabel.swift */,
				7C84DA56215B0C6800D3B36F /* StatementLabel.swift */,
				7C245D2D217EC0EE00670CC1 /* CaretView.swift */,
				7C334B1F2168223E00AC0CF9 /* TimeRemainingView.swift */,
			);
			path = "Data Views";
			sourceTree = "<group>";
		};
		7C7A52A2217CA9B80035A959 /* Fonts */ = {
			isa = PBXGroup;
			children = (
				7C7A52A4217CA9CB0035A959 /* Hermit-bold.otf */,
				7C7A52A3217CA9CB0035A959 /* Hermit-light.otf */,
				7C7A52A5217CA9CB0035A959 /* Hermit-medium.otf */,
				7C7A52AD217CB4EB0035A959 /* UbuntuMono-B.ttf */,
				7C7A52B0217CB4EB0035A959 /* UbuntuMono-R.ttf */,
				7C7A52B5217CB7160035A959 /* BPmono.ttf */,
				7C7A52B6217CB7160035A959 /* BPmonoBold.ttf */,
			);
			path = Fonts;
			sourceTree = "<group>";
		};
		7C84DA6D215B20F800D3B36F /* Parser */ = {
			isa = PBXGroup;
			children = (
				7C84DA7F215B217E00D3B36F /* RationalParser.swift */,
				7C84DA7E215B216200D3B36F /* Original */,
			);
			path = Parser;
			sourceTree = "<group>";
		};
		7C84DA7E215B216200D3B36F /* Original */ = {
			isa = PBXGroup;
			children = (
				7C84DA70215B210700D3B36F /* Op.swift */,
				7C84DA71215B210700D3B36F /* Parser.swift */,
				7C84DA72215B210700D3B36F /* Parser<Character>.swift */,
				7C84DA6E215B210700D3B36F /* Parser<Double>.swift */,
				7C84DA6F215B210700D3B36F /* Parser<Int>.swift */,
			);
			path = Original;
			sourceTree = "<group>";
		};
		7C8BD3CD21614223002BC785 /* Parser Tests */ = {
			isa = PBXGroup;
			children = (
				7C84DA78215B211600D3B36F /* ParserTests.swift */,
				7C84DA81215B226000D3B36F /* RationalParserTests.swift */,
				7C84DA7A215B211600D3B36F /* IntParserTests.swift */,
				7C84DA79215B211600D3B36F /* DoubleParserTests.swift */,
			);
			path = "Parser Tests";
			sourceTree = "<group>";
		};
		7C8BD3CE21614233002BC785 /* Label Tests */ = {
			isa = PBXGroup;
			children = (
				7C3C3F532159961B00BD026A /* CenteredLabelTests.swift */,
				7C3C3F592159A06100BD026A /* RationalLabelTests.swift */,
				7C84DA54215B0B3900D3B36F /* StatementLabelTests.swift */,
			);
			path = "Label Tests";
			sourceTree = "<group>";
		};
		7C8BD3CF21614241002BC785 /* Model Layer Tests */ = {
			isa = PBXGroup;
			children = (
				7C3C3F692159C45500BD026A /* RationalTests.swift */,
				7C8BD3BF21605A60002BC785 /* StatementTests.swift */,
				7CCB7A55217583D6002081F1 /* GridTests.swift */,
				7C8BD3CD21614223002BC785 /* Parser Tests */,
			);
			path = "Model Layer Tests";
			sourceTree = "<group>";
		};
		7C8BD3E22162E0FE002BC785 /* Utility */ = {
			isa = PBXGroup;
			children = (
				7C8BD3E32162E10C002BC785 /* ThreadSafe.swift */,
				7C8BD3DA21614857002BC785 /* Collection+SpecialIteration.swift */,
			);
			path = Utility;
			sourceTree = "<group>";
		};
		7CCB795721731F0B002081F1 /* Decorative Views */ = {
			isa = PBXGroup;
			children = (
				7CCB795821731F30002081F1 /* Background.swift */,
			);
			path = "Decorative Views";
			sourceTree = "<group>";
		};
		7CCB7A5921768B48002081F1 /* Views that implement Presenter */ = {
			isa = PBXGroup;
			children = (
				7CCB79512172CDEA002081F1 /* UILabel+TextPresenter.swift */,
				7CCB7A5A21768B6F002081F1 /* UIView+HidingPresenter.swift */,
				7CCB7A5E21768D5F002081F1 /* TallyView+IntegerPresenter.swift */,
				7CCB7A6021768DA7002081F1 /* SquareTilesProgressView+DiscreteProgressPresenter.swift */,
				7CCB7A6221768E0D002081F1 /* EventDisplayLabel+ScoreAddPresenter.swift */,
				7CCB7A6421768E47002081F1 /* StatementLabel+OptionalStatementPresenter.swift */,
				7CCB7A6621768E67002081F1 /* TimeRemainingView+TimeRemainingPresenter.swift */,
			);
			path = "Views that implement Presenter";
			sourceTree = "<group>";
		};
/* End PBXGroup section */

/* Begin PBXNativeTarget section */
		7C3C3F1D215995EE00BD026A /* CrossSum */ = {
			isa = PBXNativeTarget;
			buildConfigurationList = 7C3C3F46215995F000BD026A /* Build configuration list for PBXNativeTarget "CrossSum" */;
			buildPhases = (
				7C3C3F1A215995EE00BD026A /* Sources */,
				7C3C3F1B215995EE00BD026A /* Frameworks */,
				7C3C3F1C215995EE00BD026A /* Resources */,
			);
			buildRules = (
			);
			dependencies = (
			);
			name = CrossSum;
			productName = CrossSum;
			productReference = 7C3C3F1E215995EE00BD026A /* CrossSum.app */;
			productType = "com.apple.product-type.application";
		};
		7C3C3F31215995F000BD026A /* CrossSumTests */ = {
			isa = PBXNativeTarget;
			buildConfigurationList = 7C3C3F49215995F000BD026A /* Build configuration list for PBXNativeTarget "CrossSumTests" */;
			buildPhases = (
				7C3C3F2E215995F000BD026A /* Sources */,
				7C3C3F2F215995F000BD026A /* Frameworks */,
				7C3C3F30215995F000BD026A /* Resources */,
			);
			buildRules = (
			);
			dependencies = (
				7C3C3F34215995F000BD026A /* PBXTargetDependency */,
			);
			name = CrossSumTests;
			productName = CrossSumTests;
			productReference = 7C3C3F32215995F000BD026A /* CrossSumTests.xctest */;
			productType = "com.apple.product-type.bundle.unit-test";
		};
		7C3C3F3C215995F000BD026A /* CrossSumUITests */ = {
			isa = PBXNativeTarget;
			buildConfigurationList = 7C3C3F4C215995F000BD026A /* Build configuration list for PBXNativeTarget "CrossSumUITests" */;
			buildPhases = (
				7C3C3F39215995F000BD026A /* Sources */,
				7C3C3F3A215995F000BD026A /* Frameworks */,
				7C3C3F3B215995F000BD026A /* Resources */,
			);
			buildRules = (
			);
			dependencies = (
				7C3C3F3F215995F000BD026A /* PBXTargetDependency */,
			);
			name = CrossSumUITests;
			productName = CrossSumUITests;
			productReference = 7C3C3F3D215995F000BD026A /* CrossSumUITests.xctest */;
			productType = "com.apple.product-type.bundle.ui-testing";
		};
/* End PBXNativeTarget section */

/* Begin PBXProject section */
		7C3C3F16215995EE00BD026A /* Project object */ = {
			isa = PBXProject;
			attributes = {
				LastSwiftUpdateCheck = 1000;
				LastUpgradeCheck = 1420;
				ORGANIZATIONNAME = "Joseph Wardell";
				TargetAttributes = {
					7C3C3F1D215995EE00BD026A = {
						CreatedOnToolsVersion = 10.0;
						LastSwiftMigration = "";
					};
					7C3C3F31215995F000BD026A = {
						CreatedOnToolsVersion = 10.0;
						LastSwiftMigration = "";
						TestTargetID = 7C3C3F1D215995EE00BD026A;
					};
					7C3C3F3C215995F000BD026A = {
						CreatedOnToolsVersion = 10.0;
						TestTargetID = 7C3C3F1D215995EE00BD026A;
					};
				};
			};
			buildConfigurationList = 7C3C3F19215995EE00BD026A /* Build configuration list for PBXProject "CrossSum" */;
			compatibilityVersion = "Xcode 9.3";
			developmentRegion = en;
			hasScannedForEncodings = 0;
			knownRegions = (
				en,
				Base,
			);
			mainGroup = 7C3C3F15215995EE00BD026A;
			productRefGroup = 7C3C3F1F215995EE00BD026A /* Products */;
			projectDirPath = "";
			projectRoot = "";
			targets = (
				7C3C3F1D215995EE00BD026A /* CrossSum */,
				7C3C3F31215995F000BD026A /* CrossSumTests */,
				7C3C3F3C215995F000BD026A /* CrossSumUITests */,
			);
		};
/* End PBXProject section */

/* Begin PBXResourcesBuildPhase section */
		7C3C3F1C215995EE00BD026A /* Resources */ = {
			isa = PBXResourcesBuildPhase;
			buildActionMask = 2147483647;
			files = (
				7C3C3F2C215995F000BD026A /* LaunchScreen.storyboard in Resources */,
				7C7A52A6217CA9DF0035A959 /* Hermit-bold.otf in Resources */,
				7C7A52B4217CB4EC0035A959 /* UbuntuMono-R.ttf in Resources */,
				7C7A52B1217CB4EC0035A959 /* UbuntuMono-B.ttf in Resources */,
				7C7A52A7217CA9DF0035A959 /* Hermit-light.otf in Resources */,
				7C7A52A8217CA9DF0035A959 /* Hermit-medium.otf in Resources */,
				7C3C3F29215995F000BD026A /* Assets.xcassets in Resources */,
				7C7A52B8217CB7160035A959 /* BPmonoBold.ttf in Resources */,
				7C7A52B7217CB7160035A959 /* BPmono.ttf in Resources */,
			);
			runOnlyForDeploymentPostprocessing = 0;
		};
		7C3C3F30215995F000BD026A /* Resources */ = {
			isa = PBXResourcesBuildPhase;
			buildActionMask = 2147483647;
			files = (
				7C8BD3C42160FC49002BC785 /* Tests.storyboard in Resources */,
			);
			runOnlyForDeploymentPostprocessing = 0;
		};
		7C3C3F3B215995F000BD026A /* Resources */ = {
			isa = PBXResourcesBuildPhase;
			buildActionMask = 2147483647;
			files = (
			);
			runOnlyForDeploymentPostprocessing = 0;
		};
/* End PBXResourcesBuildPhase section */

/* Begin PBXSourcesBuildPhase section */
		7C3C3F1A215995EE00BD026A /* Sources */ = {
			isa = PBXSourcesBuildPhase;
			buildActionMask = 2147483647;
			files = (
				7CCB7A5B21768B6F002081F1 /* UIView+HidingPresenter.swift in Sources */,
				7C3C3F562159974600BD026A /* Presenters.swift in Sources */,
				7C334AFA2164561200AC0CF9 /* CrossSumRouter.swift in Sources */,
				7CCB7A6521768E47002081F1 /* StatementLabel+OptionalStatementPresenter.swift in Sources */,
				7C8BD3E42162E10C002BC785 /* ThreadSafe.swift in Sources */,
				7C8BD3E62162F230002BC785 /* GridFactory.swift in Sources */,
				7CCB796521738E48002081F1 /* TallyView.swift in Sources */,
				7C7A52AA217CAF510035A959 /* UIFont+Reporting.swift in Sources */,
				7C573FDA21699119007C7DF3 /* EventDisplayLabel.swift in Sources */,
				7CCB7A58217687D1002081F1 /* GameRelatedPresenters.swift in Sources */,
				7C8BD3D121614789002BC785 /* ExpressionChooserView.swift in Sources */,
				7C334B202168223E00AC0CF9 /* TimeRemainingView.swift in Sources */,
				7C8BD3CC21613900002BC785 /* UIFont+CoreTextConvenience.swift in Sources */,
				7C3C3F522159961400BD026A /* UIView+AutolayoutConvenience.swift in Sources */,
				7C4136E0216EEB9800B92278 /* ExpressionSelector.swift in Sources */,
				7C245CD6217D3EFE00670CC1 /* UIButton+QuickSet.swift in Sources */,
				7C8BD3C22160FAB8002BC785 /* UIView+AutolayoutSetup.swift in Sources */,
				7C573FE6216A895C007C7DF3 /* UserDefaults+Properties.swift in Sources */,
				7C334AFE2165B1C500AC0CF9 /* UIView+AnimationConvenience.swift in Sources */,
				7C05411F2184E03D005B0503 /* FlexibleLayoutView.swift in Sources */,
				7CCB79522172CDEA002081F1 /* UILabel+TextPresenter.swift in Sources */,
				7C3C3F22215995EE00BD026A /* AppDelegate.swift in Sources */,
				7C6C5FE521A1E59E004D5B18 /* UIViewController+Alerts.swift in Sources */,
				7C84DA57215B0C6800D3B36F /* StatementLabel.swift in Sources */,
				7C0541222184E075005B0503 /* GamePlayView.swift in Sources */,
				7C8BD3D921614833002BC785 /* CGVector+LinearAlgebra.swift in Sources */,
				7C245D2E217EC0EE00670CC1 /* CaretView.swift in Sources */,
				7C4136E2216EEBB400B92278 /* ExpressionSymbolPresenter.swift in Sources */,
				7C8BD3E82162F8D9002BC785 /* GameReadyGridFactory.swift in Sources */,
				7C8BD3E12161C363002BC785 /* Round.swift in Sources */,
				7CCB7A6121768DA7002081F1 /* SquareTilesProgressView+DiscreteProgressPresenter.swift in Sources */,
				7C84DA77215B210700D3B36F /* Parser<Character>.swift in Sources */,
				7CCB7A5F21768D5F002081F1 /* TallyView+IntegerPresenter.swift in Sources */,
				7CCB79BF2173C130002081F1 /* SquareTilesProgressView.swift in Sources */,
				7C84DA75215B210700D3B36F /* Op.swift in Sources */,
				7C4136DE216EE22600B92278 /* UIViewController+Debugging.swift in Sources */,
				7C84DA73215B210700D3B36F /* Parser<Double>.swift in Sources */,
				7C8BD3D521614806002BC785 /* CGPoint+Geomtery.swift in Sources */,
				7CCB7A6D21782A44002081F1 /* GridSolutions.swift in Sources */,
				7CCD5A1E295352C9004D13D7 /* UIColor+Constants.swift in Sources */,
				7C8BD3DB21614857002BC785 /* Collection+SpecialIteration.swift in Sources */,
				7C8BD3DD21615BCD002BC785 /* RationalLabel.swift in Sources */,
				7CCB7A6321768E0D002081F1 /* EventDisplayLabel+ScoreAddPresenter.swift in Sources */,
				7CCB7A6721768E67002081F1 /* TimeRemainingView+TimeRemainingPresenter.swift in Sources */,
				7C7A529F217BADA80035A959 /* GameViewController.swift in Sources */,
				7C573FE4216A81DC007C7DF3 /* TableDataSource.swift in Sources */,
				7CCB7A6B21781B6A002081F1 /* SolvedGrid.swift in Sources */,
				7C573FE8216A8C81007C7DF3 /* HighScore.swift in Sources */,
				7C84DA84215B240800D3B36F /* Statement.swift in Sources */,
				7CCB7A692177F600002081F1 /* GridSolver.swift in Sources */,
				7C334B2221682CD000AC0CF9 /* TimeKeeper.swift in Sources */,
				7C8BD3DF2161ABAD002BC785 /* Grid.swift in Sources */,
				7CCB795921731F30002081F1 /* Background.swift in Sources */,
				7C334AF6216454D500AC0CF9 /* WelcomeScreenViewController.swift in Sources */,
				7C84DA76215B210700D3B36F /* Parser.swift in Sources */,
				7C7A52AC217CB2F70035A959 /* UIFont+Custom.swift in Sources */,
				7C245CD8217D44F600670CC1 /* AnimatingLabelPresenter.swift in Sources */,
				7C334AF8216454EA00AC0CF9 /* WelcomeScreen.swift in Sources */,
				7C3C3F512159961400BD026A /* CenteredLabel.swift in Sources */,
				7C84DA74215B210700D3B36F /* Parser<Int>.swift in Sources */,
				7C84DA80215B217E00D3B36F /* RationalParser.swift in Sources */,
				7C3C3F6C2159C4E800BD026A /* Rational.swift in Sources */,
				7C8BD3D72161481E002BC785 /* CGPoint+LinearAlgebra.swift in Sources */,
			);
			runOnlyForDeploymentPostprocessing = 0;
		};
		7C3C3F2E215995F000BD026A /* Sources */ = {
			isa = PBXSourcesBuildPhase;
			buildActionMask = 2147483647;
			files = (
				7C8BD3C921610D1C002BC785 /* InterceptUnsatisfiableConstraints.m in Sources */,
				7C84DA55215B0B3900D3B36F /* StatementLabelTests.swift in Sources */,
				7C84DA7C215B211600D3B36F /* DoubleParserTests.swift in Sources */,
				7C3C3F542159961B00BD026A /* CenteredLabelTests.swift in Sources */,
				7C84DA7B215B211600D3B36F /* ParserTests.swift in Sources */,
				7C3C3F5A2159A06100BD026A /* RationalLabelTests.swift in Sources */,
				7C8BD3C021605A60002BC785 /* StatementTests.swift in Sources */,
				7CCB7A56217583D6002081F1 /* GridTests.swift in Sources */,
				7C84DA7D215B211600D3B36F /* IntParserTests.swift in Sources */,
				7C8BD3C62160FCA4002BC785 /* CenteredLabelTestsViewController.swift in Sources */,
				7C84DA82215B226000D3B36F /* RationalParserTests.swift in Sources */,
				7C3C3F6A2159C45500BD026A /* RationalTests.swift in Sources */,
			);
			runOnlyForDeploymentPostprocessing = 0;
		};
		7C3C3F39215995F000BD026A /* Sources */ = {
			isa = PBXSourcesBuildPhase;
			buildActionMask = 2147483647;
			files = (
				7C3C3F42215995F000BD026A /* CrossSumUITests.swift in Sources */,
			);
			runOnlyForDeploymentPostprocessing = 0;
		};
/* End PBXSourcesBuildPhase section */

/* Begin PBXTargetDependency section */
		7C3C3F34215995F000BD026A /* PBXTargetDependency */ = {
			isa = PBXTargetDependency;
			target = 7C3C3F1D215995EE00BD026A /* CrossSum */;
			targetProxy = 7C3C3F33215995F000BD026A /* PBXContainerItemProxy */;
		};
		7C3C3F3F215995F000BD026A /* PBXTargetDependency */ = {
			isa = PBXTargetDependency;
			target = 7C3C3F1D215995EE00BD026A /* CrossSum */;
			targetProxy = 7C3C3F3E215995F000BD026A /* PBXContainerItemProxy */;
		};
/* End PBXTargetDependency section */

/* Begin PBXVariantGroup section */
		7C3C3F2A215995F000BD026A /* LaunchScreen.storyboard */ = {
			isa = PBXVariantGroup;
			children = (
				7C3C3F2B215995F000BD026A /* Base */,
			);
			name = LaunchScreen.storyboard;
			sourceTree = "<group>";
		};
/* End PBXVariantGroup section */

/* Begin XCBuildConfiguration section */
		7C3C3F44215995F000BD026A /* Debug */ = {
			isa = XCBuildConfiguration;
			buildSettings = {
				ALWAYS_SEARCH_USER_PATHS = NO;
				CLANG_ANALYZER_NONNULL = YES;
				CLANG_ANALYZER_NUMBER_OBJECT_CONVERSION = YES_AGGRESSIVE;
				CLANG_CXX_LANGUAGE_STANDARD = "gnu++14";
				CLANG_CXX_LIBRARY = "libc++";
				CLANG_ENABLE_MODULES = YES;
				CLANG_ENABLE_OBJC_ARC = YES;
				CLANG_ENABLE_OBJC_WEAK = YES;
				CLANG_WARN_BLOCK_CAPTURE_AUTORELEASING = YES;
				CLANG_WARN_BOOL_CONVERSION = YES;
				CLANG_WARN_COMMA = YES;
				CLANG_WARN_CONSTANT_CONVERSION = YES;
				CLANG_WARN_DEPRECATED_OBJC_IMPLEMENTATIONS = YES;
				CLANG_WARN_DIRECT_OBJC_ISA_USAGE = YES_ERROR;
				CLANG_WARN_DOCUMENTATION_COMMENTS = YES;
				CLANG_WARN_EMPTY_BODY = YES;
				CLANG_WARN_ENUM_CONVERSION = YES;
				CLANG_WARN_INFINITE_RECURSION = YES;
				CLANG_WARN_INT_CONVERSION = YES;
				CLANG_WARN_NON_LITERAL_NULL_CONVERSION = YES;
				CLANG_WARN_OBJC_IMPLICIT_RETAIN_SELF = YES;
				CLANG_WARN_OBJC_LITERAL_CONVERSION = YES;
				CLANG_WARN_OBJC_ROOT_CLASS = YES_ERROR;
				CLANG_WARN_QUOTED_INCLUDE_IN_FRAMEWORK_HEADER = YES;
				CLANG_WARN_RANGE_LOOP_ANALYSIS = YES;
				CLANG_WARN_STRICT_PROTOTYPES = YES;
				CLANG_WARN_SUSPICIOUS_MOVE = YES;
				CLANG_WARN_UNGUARDED_AVAILABILITY = YES_AGGRESSIVE;
				CLANG_WARN_UNREACHABLE_CODE = YES;
				CLANG_WARN__DUPLICATE_METHOD_MATCH = YES;
				CODE_SIGN_IDENTITY = "iPhone Developer";
				COPY_PHASE_STRIP = NO;
				DEBUG_INFORMATION_FORMAT = dwarf;
				ENABLE_STRICT_OBJC_MSGSEND = YES;
				ENABLE_TESTABILITY = YES;
				GCC_C_LANGUAGE_STANDARD = gnu11;
				GCC_DYNAMIC_NO_PIC = NO;
				GCC_NO_COMMON_BLOCKS = YES;
				GCC_OPTIMIZATION_LEVEL = 0;
				GCC_PREPROCESSOR_DEFINITIONS = (
					"DEBUG=1",
					"$(inherited)",
				);
				GCC_WARN_64_TO_32_BIT_CONVERSION = YES;
				GCC_WARN_ABOUT_RETURN_TYPE = YES_ERROR;
				GCC_WARN_UNDECLARED_SELECTOR = YES;
				GCC_WARN_UNINITIALIZED_AUTOS = YES_AGGRESSIVE;
				GCC_WARN_UNUSED_FUNCTION = YES;
				GCC_WARN_UNUSED_VARIABLE = YES;
				IPHONEOS_DEPLOYMENT_TARGET = 12.0;
				MTL_ENABLE_DEBUG_INFO = INCLUDE_SOURCE;
				MTL_FAST_MATH = YES;
				ONLY_ACTIVE_ARCH = YES;
				SDKROOT = iphoneos;
				SWIFT_ACTIVE_COMPILATION_CONDITIONS = DEBUG;
				SWIFT_OPTIMIZATION_LEVEL = "-Onone";
				SWIFT_VERSION = 5.0;
			};
			name = Debug;
		};
		7C3C3F45215995F000BD026A /* Release */ = {
			isa = XCBuildConfiguration;
			buildSettings = {
				ALWAYS_SEARCH_USER_PATHS = NO;
				CLANG_ANALYZER_NONNULL = YES;
				CLANG_ANALYZER_NUMBER_OBJECT_CONVERSION = YES_AGGRESSIVE;
				CLANG_CXX_LANGUAGE_STANDARD = "gnu++14";
				CLANG_CXX_LIBRARY = "libc++";
				CLANG_ENABLE_MODULES = YES;
				CLANG_ENABLE_OBJC_ARC = YES;
				CLANG_ENABLE_OBJC_WEAK = YES;
				CLANG_WARN_BLOCK_CAPTURE_AUTORELEASING = YES;
				CLANG_WARN_BOOL_CONVERSION = YES;
				CLANG_WARN_COMMA = YES;
				CLANG_WARN_CONSTANT_CONVERSION = YES;
				CLANG_WARN_DEPRECATED_OBJC_IMPLEMENTATIONS = YES;
				CLANG_WARN_DIRECT_OBJC_ISA_USAGE = YES_ERROR;
				CLANG_WARN_DOCUMENTATION_COMMENTS = YES;
				CLANG_WARN_EMPTY_BODY = YES;
				CLANG_WARN_ENUM_CONVERSION = YES;
				CLANG_WARN_INFINITE_RECURSION = YES;
				CLANG_WARN_INT_CONVERSION = YES;
				CLANG_WARN_NON_LITERAL_NULL_CONVERSION = YES;
				CLANG_WARN_OBJC_IMPLICIT_RETAIN_SELF = YES;
				CLANG_WARN_OBJC_LITERAL_CONVERSION = YES;
				CLANG_WARN_OBJC_ROOT_CLASS = YES_ERROR;
				CLANG_WARN_QUOTED_INCLUDE_IN_FRAMEWORK_HEADER = YES;
				CLANG_WARN_RANGE_LOOP_ANALYSIS = YES;
				CLANG_WARN_STRICT_PROTOTYPES = YES;
				CLANG_WARN_SUSPICIOUS_MOVE = YES;
				CLANG_WARN_UNGUARDED_AVAILABILITY = YES_AGGRESSIVE;
				CLANG_WARN_UNREACHABLE_CODE = YES;
				CLANG_WARN__DUPLICATE_METHOD_MATCH = YES;
				CODE_SIGN_IDENTITY = "iPhone Developer";
				COPY_PHASE_STRIP = NO;
				DEBUG_INFORMATION_FORMAT = "dwarf-with-dsym";
				ENABLE_NS_ASSERTIONS = NO;
				ENABLE_STRICT_OBJC_MSGSEND = YES;
				GCC_C_LANGUAGE_STANDARD = gnu11;
				GCC_NO_COMMON_BLOCKS = YES;
				GCC_WARN_64_TO_32_BIT_CONVERSION = YES;
				GCC_WARN_ABOUT_RETURN_TYPE = YES_ERROR;
				GCC_WARN_UNDECLARED_SELECTOR = YES;
				GCC_WARN_UNINITIALIZED_AUTOS = YES_AGGRESSIVE;
				GCC_WARN_UNUSED_FUNCTION = YES;
				GCC_WARN_UNUSED_VARIABLE = YES;
				IPHONEOS_DEPLOYMENT_TARGET = 12.0;
				MTL_ENABLE_DEBUG_INFO = NO;
				MTL_FAST_MATH = YES;
				SDKROOT = iphoneos;
				SWIFT_COMPILATION_MODE = wholemodule;
				SWIFT_OPTIMIZATION_LEVEL = "-O";
				SWIFT_VERSION = 5.0;
				VALIDATE_PRODUCT = YES;
			};
			name = Release;
		};
		7C3C3F47215995F000BD026A /* Debug */ = {
			isa = XCBuildConfiguration;
			buildSettings = {
				ASSETCATALOG_COMPILER_APPICON_NAME = AppIcon;
				CODE_SIGN_STYLE = Automatic;
				DEVELOPMENT_TEAM = 7HAJV4F6VL;
				INFOPLIST_FILE = CrossSum/Info.plist;
				INFOPLIST_KEY_LSApplicationCategoryType = "public.app-category.educational-games";
				IPHONEOS_DEPLOYMENT_TARGET = 13.0;
				LD_RUNPATH_SEARCH_PATHS = (
					"$(inherited)",
					"@executable_path/Frameworks",
				);
				PRODUCT_BUNDLE_IDENTIFIER = com.oldjewel.CrossSum;
				PRODUCT_NAME = "$(TARGET_NAME)";
				SWIFT_ENABLE_BATCH_MODE = NO;
				SWIFT_VERSION = 5.0;
				TARGETED_DEVICE_FAMILY = "1,2";
			};
			name = Debug;
		};
		7C3C3F48215995F000BD026A /* Release */ = {
			isa = XCBuildConfiguration;
			buildSettings = {
				ASSETCATALOG_COMPILER_APPICON_NAME = AppIcon;
				CODE_SIGN_STYLE = Automatic;
				DEVELOPMENT_TEAM = 7HAJV4F6VL;
				INFOPLIST_FILE = CrossSum/Info.plist;
				INFOPLIST_KEY_LSApplicationCategoryType = "public.app-category.educational-games";
				IPHONEOS_DEPLOYMENT_TARGET = 13.0;
				LD_RUNPATH_SEARCH_PATHS = (
					"$(inherited)",
					"@executable_path/Frameworks",
				);
				PRODUCT_BUNDLE_IDENTIFIER = com.oldjewel.CrossSum;
				PRODUCT_NAME = "$(TARGET_NAME)";
				SWIFT_ENABLE_BATCH_MODE = NO;
				SWIFT_VERSION = 5.0;
				TARGETED_DEVICE_FAMILY = "1,2";
			};
			name = Release;
		};
		7C3C3F4A215995F000BD026A /* Debug */ = {
			isa = XCBuildConfiguration;
			buildSettings = {
				ALWAYS_EMBED_SWIFT_STANDARD_LIBRARIES = YES;
				BUNDLE_LOADER = "$(TEST_HOST)";
				CLANG_ENABLE_MODULES = YES;
				CODE_SIGN_STYLE = Automatic;
				DEVELOPMENT_TEAM = BU47XE2F27;
				INFOPLIST_FILE = CrossSumTests/Info.plist;
				LD_RUNPATH_SEARCH_PATHS = (
					"$(inherited)",
					"@executable_path/Frameworks",
					"@loader_path/Frameworks",
				);
				PRODUCT_BUNDLE_IDENTIFIER = com.oldjewel.CrossSumTests;
				PRODUCT_NAME = "$(TARGET_NAME)";
				SWIFT_OBJC_BRIDGING_HEADER = "CrossSumTests/CrossSumTests-Bridging-Header.h";
				SWIFT_OPTIMIZATION_LEVEL = "-Onone";
				SWIFT_VERSION = 5.0;
				TARGETED_DEVICE_FAMILY = "1,2";
				TEST_HOST = "$(BUILT_PRODUCTS_DIR)/CrossSum.app/CrossSum";
			};
			name = Debug;
		};
		7C3C3F4B215995F000BD026A /* Release */ = {
			isa = XCBuildConfiguration;
			buildSettings = {
				ALWAYS_EMBED_SWIFT_STANDARD_LIBRARIES = YES;
				BUNDLE_LOADER = "$(TEST_HOST)";
				CLANG_ENABLE_MODULES = YES;
				CODE_SIGN_STYLE = Automatic;
				DEVELOPMENT_TEAM = BU47XE2F27;
				INFOPLIST_FILE = CrossSumTests/Info.plist;
				LD_RUNPATH_SEARCH_PATHS = (
					"$(inherited)",
					"@executable_path/Frameworks",
					"@loader_path/Frameworks",
				);
				PRODUCT_BUNDLE_IDENTIFIER = com.oldjewel.CrossSumTests;
				PRODUCT_NAME = "$(TARGET_NAME)";
				SWIFT_OBJC_BRIDGING_HEADER = "CrossSumTests/CrossSumTests-Bridging-Header.h";
				SWIFT_VERSION = 5.0;
				TARGETED_DEVICE_FAMILY = "1,2";
				TEST_HOST = "$(BUILT_PRODUCTS_DIR)/CrossSum.app/CrossSum";
			};
			name = Release;
		};
		7C3C3F4D215995F000BD026A /* Debug */ = {
			isa = XCBuildConfiguration;
			buildSettings = {
				ALWAYS_EMBED_SWIFT_STANDARD_LIBRARIES = YES;
				CODE_SIGN_STYLE = Automatic;
				DEVELOPMENT_TEAM = BU47XE2F27;
				INFOPLIST_FILE = CrossSumUITests/Info.plist;
				LD_RUNPATH_SEARCH_PATHS = (
					"$(inherited)",
					"@executable_path/Frameworks",
					"@loader_path/Frameworks",
				);
				PRODUCT_BUNDLE_IDENTIFIER = com.oldjewel.CrossSumUITests;
				PRODUCT_NAME = "$(TARGET_NAME)";
				SWIFT_VERSION = 4.2;
				TARGETED_DEVICE_FAMILY = "1,2";
				TEST_TARGET_NAME = CrossSum;
			};
			name = Debug;
		};
		7C3C3F4E215995F000BD026A /* Release */ = {
			isa = XCBuildConfiguration;
			buildSettings = {
				ALWAYS_EMBED_SWIFT_STANDARD_LIBRARIES = YES;
				CODE_SIGN_STYLE = Automatic;
				DEVELOPMENT_TEAM = BU47XE2F27;
				INFOPLIST_FILE = CrossSumUITests/Info.plist;
				LD_RUNPATH_SEARCH_PATHS = (
					"$(inherited)",
					"@executable_path/Frameworks",
					"@loader_path/Frameworks",
				);
				PRODUCT_BUNDLE_IDENTIFIER = com.oldjewel.CrossSumUITests;
				PRODUCT_NAME = "$(TARGET_NAME)";
				SWIFT_VERSION = 4.2;
				TARGETED_DEVICE_FAMILY = "1,2";
				TEST_TARGET_NAME = CrossSum;
			};
			name = Release;
		};
/* End XCBuildConfiguration section */

/* Begin XCConfigurationList section */
		7C3C3F19215995EE00BD026A /* Build configuration list for PBXProject "CrossSum" */ = {
			isa = XCConfigurationList;
			buildConfigurations = (
				7C3C3F44215995F000BD026A /* Debug */,
				7C3C3F45215995F000BD026A /* Release */,
			);
			defaultConfigurationIsVisible = 0;
			defaultConfigurationName = Release;
		};
		7C3C3F46215995F000BD026A /* Build configuration list for PBXNativeTarget "CrossSum" */ = {
			isa = XCConfigurationList;
			buildConfigurations = (
				7C3C3F47215995F000BD026A /* Debug */,
				7C3C3F48215995F000BD026A /* Release */,
			);
			defaultConfigurationIsVisible = 0;
			defaultConfigurationName = Release;
		};
		7C3C3F49215995F000BD026A /* Build configuration list for PBXNativeTarget "CrossSumTests" */ = {
			isa = XCConfigurationList;
			buildConfigurations = (
				7C3C3F4A215995F000BD026A /* Debug */,
				7C3C3F4B215995F000BD026A /* Release */,
			);
			defaultConfigurationIsVisible = 0;
			defaultConfigurationName = Release;
		};
		7C3C3F4C215995F000BD026A /* Build configuration list for PBXNativeTarget "CrossSumUITests" */ = {
			isa = XCConfigurationList;
			buildConfigurations = (
				7C3C3F4D215995F000BD026A /* Debug */,
				7C3C3F4E215995F000BD026A /* Release */,
			);
			defaultConfigurationIsVisible = 0;
			defaultConfigurationName = Release;
		};
/* End XCConfigurationList section */
	};
	rootObject = 7C3C3F16215995EE00BD026A /* Project object */;
}
